// !$*UTF8*$!
{
	archiveVersion = 1;
	classes = {
	};
	objectVersion = 46;
	objects = {

/* Begin PBXBuildFile section */
		D22ACDA81CE0F6E100452729 /* NSData+AES.m in Sources */ = {isa = PBXBuildFile; fileRef = D22ACDA01CE0F6E100452729 /* NSData+AES.m */; };
		D22ACDA91CE0F6E100452729 /* NSData+AESKey.m in Sources */ = {isa = PBXBuildFile; fileRef = D22ACDA21CE0F6E100452729 /* NSData+AESKey.m */; };
		D22ACDAA1CE0F6E100452729 /* NSData+AESValue.m in Sources */ = {isa = PBXBuildFile; fileRef = D22ACDA41CE0F6E100452729 /* NSData+AESValue.m */; };
		D22ACDAB1CE0F6E100452729 /* NSMutableData+AES.m in Sources */ = {isa = PBXBuildFile; fileRef = D22ACDA61CE0F6E100452729 /* NSMutableData+AES.m */; };
		D22ACDAE1CE0F8BE00452729 /* NSData+SHA.m in Sources */ = {isa = PBXBuildFile; fileRef = D22ACDAD1CE0F8BE00452729 /* NSData+SHA.m */; };
		D22ACDB11CE0FAC200452729 /* NSDataAESCipher.m in Sources */ = {isa = PBXBuildFile; fileRef = D22ACDB01CE0FAC200452729 /* NSDataAESCipher.m */; };
		D237C8991C15EC4E00FC1B64 /* MJAppLinkRecognizer.m in Sources */ = {isa = PBXBuildFile; fileRef = D237C8981C15EC4E00FC1B64 /* MJAppLinkRecognizer.m */; };
		D238DEFF1BC7E2D500FB0DF4 /* main.m in Sources */ = {isa = PBXBuildFile; fileRef = D238DEFE1BC7E2D500FB0DF4 /* main.m */; };
		D238DF021BC7E2D500FB0DF4 /* AppDelegate.m in Sources */ = {isa = PBXBuildFile; fileRef = D238DF011BC7E2D500FB0DF4 /* AppDelegate.m */; };
		D238DF051BC7E2D500FB0DF4 /* ViewController.m in Sources */ = {isa = PBXBuildFile; fileRef = D238DF041BC7E2D500FB0DF4 /* ViewController.m */; };
		D238DF081BC7E2D500FB0DF4 /* Main.storyboard in Resources */ = {isa = PBXBuildFile; fileRef = D238DF061BC7E2D500FB0DF4 /* Main.storyboard */; };
		D238DF0A1BC7E2D500FB0DF4 /* Assets.xcassets in Resources */ = {isa = PBXBuildFile; fileRef = D238DF091BC7E2D500FB0DF4 /* Assets.xcassets */; };
		D238DF0D1BC7E2D500FB0DF4 /* LaunchScreen.storyboard in Resources */ = {isa = PBXBuildFile; fileRef = D238DF0B1BC7E2D500FB0DF4 /* LaunchScreen.storyboard */; };
		D238DF181BC7E2D500FB0DF4 /* MJ_iOS_ToolkitTests.m in Sources */ = {isa = PBXBuildFile; fileRef = D238DF171BC7E2D500FB0DF4 /* MJ_iOS_ToolkitTests.m */; };
		D238DF231BC7E2D500FB0DF4 /* MJ_iOS_ToolkitUITests.m in Sources */ = {isa = PBXBuildFile; fileRef = D238DF221BC7E2D500FB0DF4 /* MJ_iOS_ToolkitUITests.m */; };
		D25FE4501C60E99A007D4ED8 /* MJDataProviderDirector.m in Sources */ = {isa = PBXBuildFile; fileRef = D25FE44F1C60E99A007D4ED8 /* MJDataProviderDirector.m */; };
		D25FE4531C60E9D6007D4ED8 /* MJPushNotificationQueue.m in Sources */ = {isa = PBXBuildFile; fileRef = D25FE4521C60E9D6007D4ED8 /* MJPushNotificationQueue.m */; };
		D25FE4561C60E9F5007D4ED8 /* MJTableViewController.m in Sources */ = {isa = PBXBuildFile; fileRef = D25FE4551C60E9F5007D4ED8 /* MJTableViewController.m */; };
		D25FE4591C60EA70007D4ED8 /* MJObjectStack.m in Sources */ = {isa = PBXBuildFile; fileRef = D25FE4581C60EA70007D4ED8 /* MJObjectStack.m */; };
		D25FE45C1C60EBDC007D4ED8 /* MJNotificationView.m in Sources */ = {isa = PBXBuildFile; fileRef = D25FE45B1C60EBDC007D4ED8 /* MJNotificationView.m */; };
		D29BC7551C060DCB00CF11BC /* MJTaskDispatcher.m in Sources */ = {isa = PBXBuildFile; fileRef = D29BC7541C060DCB00CF11BC /* MJTaskDispatcher.m */; };
		D29BC7591C060E4100CF11BC /* MJSecureKey.m in Sources */ = {isa = PBXBuildFile; fileRef = D29BC7581C060E4100CF11BC /* MJSecureKey.m */; };
		D29BC75F1C06103900CF11BC /* MJInteractor.m in Sources */ = {isa = PBXBuildFile; fileRef = D29BC75E1C06103900CF11BC /* MJInteractor.m */; };
		D29BC7661C0614EB00CF11BC /* MJMultiToggleControl.m in Sources */ = {isa = PBXBuildFile; fileRef = D29BC7651C0614EB00CF11BC /* MJMultiToggleControl.m */; };
		D29BC7751C06158F00CF11BC /* NSString+Additions.m in Sources */ = {isa = PBXBuildFile; fileRef = D29BC76E1C06158F00CF11BC /* NSString+Additions.m */; };
		D29BC7761C06158F00CF11BC /* UIBarButtonItem+Additions.m in Sources */ = {isa = PBXBuildFile; fileRef = D29BC7701C06158F00CF11BC /* UIBarButtonItem+Additions.m */; };
		D29BC7771C06158F00CF11BC /* UIResponder+Addtions.m in Sources */ = {isa = PBXBuildFile; fileRef = D29BC7721C06158F00CF11BC /* UIResponder+Addtions.m */; };
		D29BC7781C06158F00CF11BC /* UIView+Additions.m in Sources */ = {isa = PBXBuildFile; fileRef = D29BC7741C06158F00CF11BC /* UIView+Additions.m */; };
		D29BC77D1C06164D00CF11BC /* UIActionSheet+Blocks.m in Sources */ = {isa = PBXBuildFile; fileRef = D29BC77A1C06164D00CF11BC /* UIActionSheet+Blocks.m */; };
		D29BC77E1C06164D00CF11BC /* UIAlertView+Blocks.m in Sources */ = {isa = PBXBuildFile; fileRef = D29BC77C1C06164D00CF11BC /* UIAlertView+Blocks.m */; };
		D29BC7811C06177500CF11BC /* MJTextViewCell.m in Sources */ = {isa = PBXBuildFile; fileRef = D29BC7801C06177500CF11BC /* MJTextViewCell.m */; };
		D29BC7861C06179600CF11BC /* MJCloudinaryInterface.m in Sources */ = {isa = PBXBuildFile; fileRef = D29BC7831C06179600CF11BC /* MJCloudinaryInterface.m */; };
		D29BC7871C06179600CF11BC /* UIImageView+MJCloudinaryInterface.m in Sources */ = {isa = PBXBuildFile; fileRef = D29BC7851C06179600CF11BC /* UIImageView+MJCloudinaryInterface.m */; };
		D2C99C0E1BDE74D300CCC485 /* MJContainerViewController.m in Sources */ = {isa = PBXBuildFile; fileRef = D2C99C0D1BDE74D300CCC485 /* MJContainerViewController.m */; };
		FFB43A2A379BBCDF513A4AC8 /* libPods-MJ-iOS-Toolkit.a in Frameworks */ = {isa = PBXBuildFile; fileRef = E29FF717B1CBC5520389DA4E /* libPods-MJ-iOS-Toolkit.a */; };
/* End PBXBuildFile section */

/* Begin PBXContainerItemProxy section */
		D238DF141BC7E2D500FB0DF4 /* PBXContainerItemProxy */ = {
			isa = PBXContainerItemProxy;
			containerPortal = D238DEF21BC7E2D400FB0DF4 /* Project object */;
			proxyType = 1;
			remoteGlobalIDString = D238DEF91BC7E2D400FB0DF4;
			remoteInfo = "MJ-iOS-Toolkit";
		};
		D238DF1F1BC7E2D500FB0DF4 /* PBXContainerItemProxy */ = {
			isa = PBXContainerItemProxy;
			containerPortal = D238DEF21BC7E2D400FB0DF4 /* Project object */;
			proxyType = 1;
			remoteGlobalIDString = D238DEF91BC7E2D400FB0DF4;
			remoteInfo = "MJ-iOS-Toolkit";
		};
/* End PBXContainerItemProxy section */

/* Begin PBXFileReference section */
		66733CDADF19DDFE0E0814BA /* Pods-MJ-iOS-Toolkit.debug.xcconfig */ = {isa = PBXFileReference; includeInIndex = 1; lastKnownFileType = text.xcconfig; name = "Pods-MJ-iOS-Toolkit.debug.xcconfig"; path = "Pods/Target Support Files/Pods-MJ-iOS-Toolkit/Pods-MJ-iOS-Toolkit.debug.xcconfig"; sourceTree = "<group>"; };
		669D30EECED1E09DE17BD2FD /* Pods-MJ-iOS-Toolkit.release.xcconfig */ = {isa = PBXFileReference; includeInIndex = 1; lastKnownFileType = text.xcconfig; name = "Pods-MJ-iOS-Toolkit.release.xcconfig"; path = "Pods/Target Support Files/Pods-MJ-iOS-Toolkit/Pods-MJ-iOS-Toolkit.release.xcconfig"; sourceTree = "<group>"; };
		D22ACD9F1CE0F6E100452729 /* NSData+AES.h */ = {isa = PBXFileReference; fileEncoding = 4; lastKnownFileType = sourcecode.c.h; path = "NSData+AES.h"; sourceTree = "<group>"; };
		D22ACDA01CE0F6E100452729 /* NSData+AES.m */ = {isa = PBXFileReference; fileEncoding = 4; lastKnownFileType = sourcecode.c.objc; path = "NSData+AES.m"; sourceTree = "<group>"; };
		D22ACDA11CE0F6E100452729 /* NSData+AESKey.h */ = {isa = PBXFileReference; fileEncoding = 4; lastKnownFileType = sourcecode.c.h; path = "NSData+AESKey.h"; sourceTree = "<group>"; };
		D22ACDA21CE0F6E100452729 /* NSData+AESKey.m */ = {isa = PBXFileReference; fileEncoding = 4; lastKnownFileType = sourcecode.c.objc; path = "NSData+AESKey.m"; sourceTree = "<group>"; };
		D22ACDA31CE0F6E100452729 /* NSData+AESValue.h */ = {isa = PBXFileReference; fileEncoding = 4; lastKnownFileType = sourcecode.c.h; path = "NSData+AESValue.h"; sourceTree = "<group>"; };
		D22ACDA41CE0F6E100452729 /* NSData+AESValue.m */ = {isa = PBXFileReference; fileEncoding = 4; lastKnownFileType = sourcecode.c.objc; path = "NSData+AESValue.m"; sourceTree = "<group>"; };
		D22ACDA51CE0F6E100452729 /* NSMutableData+AES.h */ = {isa = PBXFileReference; fileEncoding = 4; lastKnownFileType = sourcecode.c.h; path = "NSMutableData+AES.h"; sourceTree = "<group>"; };
		D22ACDA61CE0F6E100452729 /* NSMutableData+AES.m */ = {isa = PBXFileReference; fileEncoding = 4; lastKnownFileType = sourcecode.c.objc; path = "NSMutableData+AES.m"; sourceTree = "<group>"; };
		D22ACDAC1CE0F8BE00452729 /* NSData+SHA.h */ = {isa = PBXFileReference; fileEncoding = 4; lastKnownFileType = sourcecode.c.h; path = "NSData+SHA.h"; sourceTree = "<group>"; };
		D22ACDAD1CE0F8BE00452729 /* NSData+SHA.m */ = {isa = PBXFileReference; fileEncoding = 4; lastKnownFileType = sourcecode.c.objc; path = "NSData+SHA.m"; sourceTree = "<group>"; };
		D22ACDAF1CE0FAC200452729 /* NSDataAESCipher.h */ = {isa = PBXFileReference; fileEncoding = 4; lastKnownFileType = sourcecode.c.h; path = NSDataAESCipher.h; sourceTree = "<group>"; };
		D22ACDB01CE0FAC200452729 /* NSDataAESCipher.m */ = {isa = PBXFileReference; fileEncoding = 4; lastKnownFileType = sourcecode.c.objc; path = NSDataAESCipher.m; sourceTree = "<group>"; };
		D237C8971C15EC4E00FC1B64 /* MJAppLinkRecognizer.h */ = {isa = PBXFileReference; fileEncoding = 4; lastKnownFileType = sourcecode.c.h; name = MJAppLinkRecognizer.h; path = Tools/MJAppLinkRecognizer.h; sourceTree = "<group>"; };
		D237C8981C15EC4E00FC1B64 /* MJAppLinkRecognizer.m */ = {isa = PBXFileReference; fileEncoding = 4; lastKnownFileType = sourcecode.c.objc; name = MJAppLinkRecognizer.m; path = Tools/MJAppLinkRecognizer.m; sourceTree = "<group>"; };
		D238DEFA1BC7E2D400FB0DF4 /* MJ-iOS-Toolkit.app */ = {isa = PBXFileReference; explicitFileType = wrapper.application; includeInIndex = 0; path = "MJ-iOS-Toolkit.app"; sourceTree = BUILT_PRODUCTS_DIR; };
		D238DEFE1BC7E2D500FB0DF4 /* main.m */ = {isa = PBXFileReference; lastKnownFileType = sourcecode.c.objc; path = main.m; sourceTree = "<group>"; };
		D238DF001BC7E2D500FB0DF4 /* AppDelegate.h */ = {isa = PBXFileReference; lastKnownFileType = sourcecode.c.h; path = AppDelegate.h; sourceTree = "<group>"; };
		D238DF011BC7E2D500FB0DF4 /* AppDelegate.m */ = {isa = PBXFileReference; lastKnownFileType = sourcecode.c.objc; path = AppDelegate.m; sourceTree = "<group>"; };
		D238DF031BC7E2D500FB0DF4 /* ViewController.h */ = {isa = PBXFileReference; lastKnownFileType = sourcecode.c.h; path = ViewController.h; sourceTree = "<group>"; };
		D238DF041BC7E2D500FB0DF4 /* ViewController.m */ = {isa = PBXFileReference; lastKnownFileType = sourcecode.c.objc; path = ViewController.m; sourceTree = "<group>"; };
		D238DF071BC7E2D500FB0DF4 /* Base */ = {isa = PBXFileReference; lastKnownFileType = file.storyboard; name = Base; path = Base.lproj/Main.storyboard; sourceTree = "<group>"; };
		D238DF091BC7E2D500FB0DF4 /* Assets.xcassets */ = {isa = PBXFileReference; lastKnownFileType = folder.assetcatalog; path = Assets.xcassets; sourceTree = "<group>"; };
		D238DF0C1BC7E2D500FB0DF4 /* Base */ = {isa = PBXFileReference; lastKnownFileType = file.storyboard; name = Base; path = Base.lproj/LaunchScreen.storyboard; sourceTree = "<group>"; };
		D238DF0E1BC7E2D500FB0DF4 /* Info.plist */ = {isa = PBXFileReference; lastKnownFileType = text.plist.xml; path = Info.plist; sourceTree = "<group>"; };
		D238DF131BC7E2D500FB0DF4 /* MJ-iOS-ToolkitTests.xctest */ = {isa = PBXFileReference; explicitFileType = wrapper.cfbundle; includeInIndex = 0; path = "MJ-iOS-ToolkitTests.xctest"; sourceTree = BUILT_PRODUCTS_DIR; };
		D238DF171BC7E2D500FB0DF4 /* MJ_iOS_ToolkitTests.m */ = {isa = PBXFileReference; lastKnownFileType = sourcecode.c.objc; path = MJ_iOS_ToolkitTests.m; sourceTree = "<group>"; };
		D238DF191BC7E2D500FB0DF4 /* Info.plist */ = {isa = PBXFileReference; lastKnownFileType = text.plist.xml; path = Info.plist; sourceTree = "<group>"; };
		D238DF1E1BC7E2D500FB0DF4 /* MJ-iOS-ToolkitUITests.xctest */ = {isa = PBXFileReference; explicitFileType = wrapper.cfbundle; includeInIndex = 0; path = "MJ-iOS-ToolkitUITests.xctest"; sourceTree = BUILT_PRODUCTS_DIR; };
		D238DF221BC7E2D500FB0DF4 /* MJ_iOS_ToolkitUITests.m */ = {isa = PBXFileReference; lastKnownFileType = sourcecode.c.objc; path = MJ_iOS_ToolkitUITests.m; sourceTree = "<group>"; };
		D238DF241BC7E2D500FB0DF4 /* Info.plist */ = {isa = PBXFileReference; lastKnownFileType = text.plist.xml; path = Info.plist; sourceTree = "<group>"; };
		D25FE44E1C60E99A007D4ED8 /* MJDataProviderDirector.h */ = {isa = PBXFileReference; fileEncoding = 4; lastKnownFileType = sourcecode.c.h; name = MJDataProviderDirector.h; path = Core/MJDataProviderDirector.h; sourceTree = "<group>"; };
		D25FE44F1C60E99A007D4ED8 /* MJDataProviderDirector.m */ = {isa = PBXFileReference; fileEncoding = 4; lastKnownFileType = sourcecode.c.objc; name = MJDataProviderDirector.m; path = Core/MJDataProviderDirector.m; sourceTree = "<group>"; };
		D25FE4511C60E9D6007D4ED8 /* MJPushNotificationQueue.h */ = {isa = PBXFileReference; fileEncoding = 4; lastKnownFileType = sourcecode.c.h; name = MJPushNotificationQueue.h; path = Tools/MJPushNotificationQueue.h; sourceTree = "<group>"; };
		D25FE4521C60E9D6007D4ED8 /* MJPushNotificationQueue.m */ = {isa = PBXFileReference; fileEncoding = 4; lastKnownFileType = sourcecode.c.objc; name = MJPushNotificationQueue.m; path = Tools/MJPushNotificationQueue.m; sourceTree = "<group>"; };
		D25FE4541C60E9F5007D4ED8 /* MJTableViewController.h */ = {isa = PBXFileReference; fileEncoding = 4; lastKnownFileType = sourcecode.c.h; path = MJTableViewController.h; sourceTree = "<group>"; };
		D25FE4551C60E9F5007D4ED8 /* MJTableViewController.m */ = {isa = PBXFileReference; fileEncoding = 4; lastKnownFileType = sourcecode.c.objc; path = MJTableViewController.m; sourceTree = "<group>"; };
		D25FE4571C60EA70007D4ED8 /* MJObjectStack.h */ = {isa = PBXFileReference; fileEncoding = 4; lastKnownFileType = sourcecode.c.h; name = MJObjectStack.h; path = Tools/MJObjectStack.h; sourceTree = "<group>"; };
		D25FE4581C60EA70007D4ED8 /* MJObjectStack.m */ = {isa = PBXFileReference; fileEncoding = 4; lastKnownFileType = sourcecode.c.objc; name = MJObjectStack.m; path = Tools/MJObjectStack.m; sourceTree = "<group>"; };
		D25FE45A1C60EBDC007D4ED8 /* MJNotificationView.h */ = {isa = PBXFileReference; fileEncoding = 4; lastKnownFileType = sourcecode.c.h; path = MJNotificationView.h; sourceTree = "<group>"; };
		D25FE45B1C60EBDC007D4ED8 /* MJNotificationView.m */ = {isa = PBXFileReference; fileEncoding = 4; lastKnownFileType = sourcecode.c.objc; path = MJNotificationView.m; sourceTree = "<group>"; };
		D29BC7531C060DCB00CF11BC /* MJTaskDispatcher.h */ = {isa = PBXFileReference; fileEncoding = 4; lastKnownFileType = sourcecode.c.h; name = MJTaskDispatcher.h; path = Core/MJTaskDispatcher.h; sourceTree = "<group>"; };
		D29BC7541C060DCB00CF11BC /* MJTaskDispatcher.m */ = {isa = PBXFileReference; fileEncoding = 4; lastKnownFileType = sourcecode.c.objc; name = MJTaskDispatcher.m; path = Core/MJTaskDispatcher.m; sourceTree = "<group>"; };
		D29BC7571C060E4100CF11BC /* MJSecureKey.h */ = {isa = PBXFileReference; fileEncoding = 4; lastKnownFileType = sourcecode.c.h; name = MJSecureKey.h; path = Tools/MJSecureKey.h; sourceTree = "<group>"; };
		D29BC7581C060E4100CF11BC /* MJSecureKey.m */ = {isa = PBXFileReference; fileEncoding = 4; lastKnownFileType = sourcecode.c.objc; name = MJSecureKey.m; path = Tools/MJSecureKey.m; sourceTree = "<group>"; };
		D29BC75D1C06103900CF11BC /* MJInteractor.h */ = {isa = PBXFileReference; fileEncoding = 4; lastKnownFileType = sourcecode.c.h; name = MJInteractor.h; path = Core/MJInteractor.h; sourceTree = "<group>"; };
		D29BC75E1C06103900CF11BC /* MJInteractor.m */ = {isa = PBXFileReference; fileEncoding = 4; lastKnownFileType = sourcecode.c.objc; name = MJInteractor.m; path = Core/MJInteractor.m; sourceTree = "<group>"; };
		D29BC7641C0614EB00CF11BC /* MJMultiToggleControl.h */ = {isa = PBXFileReference; fileEncoding = 4; lastKnownFileType = sourcecode.c.h; path = MJMultiToggleControl.h; sourceTree = "<group>"; };
		D29BC7651C0614EB00CF11BC /* MJMultiToggleControl.m */ = {isa = PBXFileReference; fileEncoding = 4; lastKnownFileType = sourcecode.c.objc; path = MJMultiToggleControl.m; sourceTree = "<group>"; };
		D29BC76D1C06158F00CF11BC /* NSString+Additions.h */ = {isa = PBXFileReference; fileEncoding = 4; lastKnownFileType = sourcecode.c.h; path = "NSString+Additions.h"; sourceTree = "<group>"; };
		D29BC76E1C06158F00CF11BC /* NSString+Additions.m */ = {isa = PBXFileReference; fileEncoding = 4; lastKnownFileType = sourcecode.c.objc; path = "NSString+Additions.m"; sourceTree = "<group>"; };
		D29BC76F1C06158F00CF11BC /* UIBarButtonItem+Additions.h */ = {isa = PBXFileReference; fileEncoding = 4; lastKnownFileType = sourcecode.c.h; path = "UIBarButtonItem+Additions.h"; sourceTree = "<group>"; };
		D29BC7701C06158F00CF11BC /* UIBarButtonItem+Additions.m */ = {isa = PBXFileReference; fileEncoding = 4; lastKnownFileType = sourcecode.c.objc; path = "UIBarButtonItem+Additions.m"; sourceTree = "<group>"; };
		D29BC7711C06158F00CF11BC /* UIResponder+Additions.h */ = {isa = PBXFileReference; fileEncoding = 4; lastKnownFileType = sourcecode.c.h; path = "UIResponder+Additions.h"; sourceTree = "<group>"; };
		D29BC7721C06158F00CF11BC /* UIResponder+Addtions.m */ = {isa = PBXFileReference; fileEncoding = 4; lastKnownFileType = sourcecode.c.objc; path = "UIResponder+Addtions.m"; sourceTree = "<group>"; };
		D29BC7731C06158F00CF11BC /* UIView+Additions.h */ = {isa = PBXFileReference; fileEncoding = 4; lastKnownFileType = sourcecode.c.h; path = "UIView+Additions.h"; sourceTree = "<group>"; };
		D29BC7741C06158F00CF11BC /* UIView+Additions.m */ = {isa = PBXFileReference; fileEncoding = 4; lastKnownFileType = sourcecode.c.objc; path = "UIView+Additions.m"; sourceTree = "<group>"; };
		D29BC7791C06164D00CF11BC /* UIActionSheet+Blocks.h */ = {isa = PBXFileReference; fileEncoding = 4; lastKnownFileType = sourcecode.c.h; path = "UIActionSheet+Blocks.h"; sourceTree = "<group>"; };
		D29BC77A1C06164D00CF11BC /* UIActionSheet+Blocks.m */ = {isa = PBXFileReference; fileEncoding = 4; lastKnownFileType = sourcecode.c.objc; path = "UIActionSheet+Blocks.m"; sourceTree = "<group>"; };
		D29BC77B1C06164D00CF11BC /* UIAlertView+Blocks.h */ = {isa = PBXFileReference; fileEncoding = 4; lastKnownFileType = sourcecode.c.h; path = "UIAlertView+Blocks.h"; sourceTree = "<group>"; };
		D29BC77C1C06164D00CF11BC /* UIAlertView+Blocks.m */ = {isa = PBXFileReference; fileEncoding = 4; lastKnownFileType = sourcecode.c.objc; path = "UIAlertView+Blocks.m"; sourceTree = "<group>"; };
		D29BC77F1C06177500CF11BC /* MJTextViewCell.h */ = {isa = PBXFileReference; fileEncoding = 4; lastKnownFileType = sourcecode.c.h; path = MJTextViewCell.h; sourceTree = "<group>"; };
		D29BC7801C06177500CF11BC /* MJTextViewCell.m */ = {isa = PBXFileReference; fileEncoding = 4; lastKnownFileType = sourcecode.c.objc; path = MJTextViewCell.m; sourceTree = "<group>"; };
		D29BC7821C06179600CF11BC /* MJCloudinaryInterface.h */ = {isa = PBXFileReference; fileEncoding = 4; lastKnownFileType = sourcecode.c.h; name = MJCloudinaryInterface.h; path = Tools/MJCloudinaryInterface.h; sourceTree = "<group>"; };
		D29BC7831C06179600CF11BC /* MJCloudinaryInterface.m */ = {isa = PBXFileReference; fileEncoding = 4; lastKnownFileType = sourcecode.c.objc; name = MJCloudinaryInterface.m; path = Tools/MJCloudinaryInterface.m; sourceTree = "<group>"; };
		D29BC7841C06179600CF11BC /* UIImageView+MJCloudinaryInterface.h */ = {isa = PBXFileReference; fileEncoding = 4; lastKnownFileType = sourcecode.c.h; name = "UIImageView+MJCloudinaryInterface.h"; path = "Tools/UIImageView+MJCloudinaryInterface.h"; sourceTree = "<group>"; };
		D29BC7851C06179600CF11BC /* UIImageView+MJCloudinaryInterface.m */ = {isa = PBXFileReference; fileEncoding = 4; lastKnownFileType = sourcecode.c.objc; name = "UIImageView+MJCloudinaryInterface.m"; path = "Tools/UIImageView+MJCloudinaryInterface.m"; sourceTree = "<group>"; };
		D2B8DBC31C7AEC6400328B52 /* MJ-iOS-Toolkit.h */ = {isa = PBXFileReference; lastKnownFileType = sourcecode.c.h; path = "MJ-iOS-Toolkit.h"; sourceTree = "<group>"; };
		D2C99C0C1BDE74D300CCC485 /* MJContainerViewController.h */ = {isa = PBXFileReference; fileEncoding = 4; lastKnownFileType = sourcecode.c.h; path = MJContainerViewController.h; sourceTree = "<group>"; };
		D2C99C0D1BDE74D300CCC485 /* MJContainerViewController.m */ = {isa = PBXFileReference; fileEncoding = 4; lastKnownFileType = sourcecode.c.objc; path = MJContainerViewController.m; sourceTree = "<group>"; };
		E29FF717B1CBC5520389DA4E /* libPods-MJ-iOS-Toolkit.a */ = {isa = PBXFileReference; explicitFileType = archive.ar; includeInIndex = 0; path = "libPods-MJ-iOS-Toolkit.a"; sourceTree = BUILT_PRODUCTS_DIR; };
/* End PBXFileReference section */

/* Begin PBXFrameworksBuildPhase section */
		D238DEF71BC7E2D400FB0DF4 /* Frameworks */ = {
			isa = PBXFrameworksBuildPhase;
			buildActionMask = 2147483647;
			files = (
				FFB43A2A379BBCDF513A4AC8 /* libPods-MJ-iOS-Toolkit.a in Frameworks */,
			);
			runOnlyForDeploymentPostprocessing = 0;
		};
		D238DF101BC7E2D500FB0DF4 /* Frameworks */ = {
			isa = PBXFrameworksBuildPhase;
			buildActionMask = 2147483647;
			files = (
			);
			runOnlyForDeploymentPostprocessing = 0;
		};
		D238DF1B1BC7E2D500FB0DF4 /* Frameworks */ = {
			isa = PBXFrameworksBuildPhase;
			buildActionMask = 2147483647;
			files = (
			);
			runOnlyForDeploymentPostprocessing = 0;
		};
/* End PBXFrameworksBuildPhase section */

/* Begin PBXGroup section */
		0765D822F2EDF652275DC030 /* Frameworks */ = {
			isa = PBXGroup;
			children = (
				E29FF717B1CBC5520389DA4E /* libPods-MJ-iOS-Toolkit.a */,
			);
			name = Frameworks;
			sourceTree = "<group>";
		};
		D22ACD9C1CE0F6E100452729 /* NSData+AES */ = {
			isa = PBXGroup;
			children = (
				D22ACDAC1CE0F8BE00452729 /* NSData+SHA.h */,
				D22ACDAD1CE0F8BE00452729 /* NSData+SHA.m */,
				D22ACDAF1CE0FAC200452729 /* NSDataAESCipher.h */,
				D22ACDB01CE0FAC200452729 /* NSDataAESCipher.m */,
				D22ACD9F1CE0F6E100452729 /* NSData+AES.h */,
				D22ACDA01CE0F6E100452729 /* NSData+AES.m */,
				D22ACDA11CE0F6E100452729 /* NSData+AESKey.h */,
				D22ACDA21CE0F6E100452729 /* NSData+AESKey.m */,
				D22ACDA31CE0F6E100452729 /* NSData+AESValue.h */,
				D22ACDA41CE0F6E100452729 /* NSData+AESValue.m */,
				D22ACDA51CE0F6E100452729 /* NSMutableData+AES.h */,
				D22ACDA61CE0F6E100452729 /* NSMutableData+AES.m */,
			);
			name = "NSData+AES";
			path = "Tools/NSData+AES";
			sourceTree = "<group>";
		};
		D238DEF11BC7E2D400FB0DF4 = {
			isa = PBXGroup;
			children = (
				D238DEFC1BC7E2D500FB0DF4 /* MJ-iOS-Toolkit */,
				D238DF161BC7E2D500FB0DF4 /* MJ-iOS-ToolkitTests */,
				D238DF211BC7E2D500FB0DF4 /* MJ-iOS-ToolkitUITests */,
				D238DEFB1BC7E2D400FB0DF4 /* Products */,
				D32871126313F53F574B7D69 /* Pods */,
				0765D822F2EDF652275DC030 /* Frameworks */,
			);
			sourceTree = "<group>";
		};
		D238DEFB1BC7E2D400FB0DF4 /* Products */ = {
			isa = PBXGroup;
			children = (
				D238DEFA1BC7E2D400FB0DF4 /* MJ-iOS-Toolkit.app */,
				D238DF131BC7E2D500FB0DF4 /* MJ-iOS-ToolkitTests.xctest */,
				D238DF1E1BC7E2D500FB0DF4 /* MJ-iOS-ToolkitUITests.xctest */,
			);
			name = Products;
			sourceTree = "<group>";
		};
		D238DEFC1BC7E2D500FB0DF4 /* MJ-iOS-Toolkit */ = {
			isa = PBXGroup;
			children = (
				D238DF001BC7E2D500FB0DF4 /* AppDelegate.h */,
				D238DF011BC7E2D500FB0DF4 /* AppDelegate.m */,
				D238DF031BC7E2D500FB0DF4 /* ViewController.h */,
				D238DF041BC7E2D500FB0DF4 /* ViewController.m */,
				D238DF3A1BC7E32000FB0DF4 /* SourceCode */,
				D238DF451BC7E32D00FB0DF4 /* Resources */,
				D238DEFD1BC7E2D500FB0DF4 /* Supporting Files */,
			);
			path = "MJ-iOS-Toolkit";
			sourceTree = "<group>";
		};
		D238DEFD1BC7E2D500FB0DF4 /* Supporting Files */ = {
			isa = PBXGroup;
			children = (
				D238DEFE1BC7E2D500FB0DF4 /* main.m */,
			);
			name = "Supporting Files";
			sourceTree = "<group>";
		};
		D238DF161BC7E2D500FB0DF4 /* MJ-iOS-ToolkitTests */ = {
			isa = PBXGroup;
			children = (
				D238DF171BC7E2D500FB0DF4 /* MJ_iOS_ToolkitTests.m */,
				D238DF191BC7E2D500FB0DF4 /* Info.plist */,
			);
			path = "MJ-iOS-ToolkitTests";
			sourceTree = "<group>";
		};
		D238DF211BC7E2D500FB0DF4 /* MJ-iOS-ToolkitUITests */ = {
			isa = PBXGroup;
			children = (
				D238DF221BC7E2D500FB0DF4 /* MJ_iOS_ToolkitUITests.m */,
				D238DF241BC7E2D500FB0DF4 /* Info.plist */,
			);
			path = "MJ-iOS-ToolkitUITests";
			sourceTree = "<group>";
		};
		D238DF3A1BC7E32000FB0DF4 /* SourceCode */ = {
			isa = PBXGroup;
			children = (
				D2B8DBC31C7AEC6400328B52 /* MJ-iOS-Toolkit.h */,
				D29BC7561C060E3100CF11BC /* Tools */,
				D29BC74B1C060D9C00CF11BC /* Core */,
				D29BC7631C0614EB00CF11BC /* Views */,
				D2C99C0B1BDE74D300CCC485 /* View Controllers */,
			);
			name = SourceCode;
			path = ../../SourceCode;
			sourceTree = "<group>";
		};
		D238DF451BC7E32D00FB0DF4 /* Resources */ = {
			isa = PBXGroup;
			children = (
				D238DF061BC7E2D500FB0DF4 /* Main.storyboard */,
				D238DF091BC7E2D500FB0DF4 /* Assets.xcassets */,
				D238DF0B1BC7E2D500FB0DF4 /* LaunchScreen.storyboard */,
				D238DF0E1BC7E2D500FB0DF4 /* Info.plist */,
			);
			name = Resources;
			sourceTree = "<group>";
		};
		D29BC74B1C060D9C00CF11BC /* Core */ = {
			isa = PBXGroup;
			children = (
				D29BC7531C060DCB00CF11BC /* MJTaskDispatcher.h */,
				D29BC7541C060DCB00CF11BC /* MJTaskDispatcher.m */,
				D29BC75D1C06103900CF11BC /* MJInteractor.h */,
				D29BC75E1C06103900CF11BC /* MJInteractor.m */,
				D25FE44E1C60E99A007D4ED8 /* MJDataProviderDirector.h */,
				D25FE44F1C60E99A007D4ED8 /* MJDataProviderDirector.m */,
			);
			name = Core;
			sourceTree = "<group>";
		};
		D29BC7561C060E3100CF11BC /* Tools */ = {
			isa = PBXGroup;
			children = (
				D29BC7571C060E4100CF11BC /* MJSecureKey.h */,
				D29BC7581C060E4100CF11BC /* MJSecureKey.m */,
				D237C8971C15EC4E00FC1B64 /* MJAppLinkRecognizer.h */,
				D237C8981C15EC4E00FC1B64 /* MJAppLinkRecognizer.m */,
				D29BC7821C06179600CF11BC /* MJCloudinaryInterface.h */,
				D29BC7831C06179600CF11BC /* MJCloudinaryInterface.m */,
				D29BC7841C06179600CF11BC /* UIImageView+MJCloudinaryInterface.h */,
				D29BC7851C06179600CF11BC /* UIImageView+MJCloudinaryInterface.m */,
				D25FE4511C60E9D6007D4ED8 /* MJPushNotificationQueue.h */,
				D25FE4521C60E9D6007D4ED8 /* MJPushNotificationQueue.m */,
				D25FE4571C60EA70007D4ED8 /* MJObjectStack.h */,
				D25FE4581C60EA70007D4ED8 /* MJObjectStack.m */,
				D22ACD9C1CE0F6E100452729 /* NSData+AES */,
			);
			name = Tools;
			sourceTree = "<group>";
		};
		D29BC7631C0614EB00CF11BC /* Views */ = {
			isa = PBXGroup;
			children = (
				D29BC77F1C06177500CF11BC /* MJTextViewCell.h */,
				D29BC7801C06177500CF11BC /* MJTextViewCell.m */,
				D29BC7641C0614EB00CF11BC /* MJMultiToggleControl.h */,
				D29BC7651C0614EB00CF11BC /* MJMultiToggleControl.m */,
				D25FE45A1C60EBDC007D4ED8 /* MJNotificationView.h */,
				D25FE45B1C60EBDC007D4ED8 /* MJNotificationView.m */,
				D29BC76D1C06158F00CF11BC /* NSString+Additions.h */,
				D29BC76E1C06158F00CF11BC /* NSString+Additions.m */,
				D29BC76F1C06158F00CF11BC /* UIBarButtonItem+Additions.h */,
				D29BC7701C06158F00CF11BC /* UIBarButtonItem+Additions.m */,
				D29BC7711C06158F00CF11BC /* UIResponder+Additions.h */,
				D29BC7721C06158F00CF11BC /* UIResponder+Addtions.m */,
				D29BC7731C06158F00CF11BC /* UIView+Additions.h */,
				D29BC7741C06158F00CF11BC /* UIView+Additions.m */,
				D29BC7791C06164D00CF11BC /* UIActionSheet+Blocks.h */,
				D29BC77A1C06164D00CF11BC /* UIActionSheet+Blocks.m */,
				D29BC77B1C06164D00CF11BC /* UIAlertView+Blocks.h */,
				D29BC77C1C06164D00CF11BC /* UIAlertView+Blocks.m */,
			);
			path = Views;
			sourceTree = "<group>";
		};
		D2C99C0B1BDE74D300CCC485 /* View Controllers */ = {
			isa = PBXGroup;
			children = (
				D2C99C0C1BDE74D300CCC485 /* MJContainerViewController.h */,
				D2C99C0D1BDE74D300CCC485 /* MJContainerViewController.m */,
				D25FE4541C60E9F5007D4ED8 /* MJTableViewController.h */,
				D25FE4551C60E9F5007D4ED8 /* MJTableViewController.m */,
			);
			path = "View Controllers";
			sourceTree = "<group>";
		};
		D32871126313F53F574B7D69 /* Pods */ = {
			isa = PBXGroup;
			children = (
				66733CDADF19DDFE0E0814BA /* Pods-MJ-iOS-Toolkit.debug.xcconfig */,
				669D30EECED1E09DE17BD2FD /* Pods-MJ-iOS-Toolkit.release.xcconfig */,
			);
			name = Pods;
			sourceTree = "<group>";
		};
/* End PBXGroup section */

/* Begin PBXNativeTarget section */
		D238DEF91BC7E2D400FB0DF4 /* MJ-iOS-Toolkit */ = {
			isa = PBXNativeTarget;
			buildConfigurationList = D238DF271BC7E2D500FB0DF4 /* Build configuration list for PBXNativeTarget "MJ-iOS-Toolkit" */;
			buildPhases = (
				986DCD1166B7A6DA67290877 /* Check Pods Manifest.lock */,
				D238DEF61BC7E2D400FB0DF4 /* Sources */,
				D238DEF71BC7E2D400FB0DF4 /* Frameworks */,
				D238DEF81BC7E2D400FB0DF4 /* Resources */,
				2FFDDC56A3D4D9C4E68D26DD /* Embed Pods Frameworks */,
				9755A99DAF6E268CAA5FC77F /* Copy Pods Resources */,
			);
			buildRules = (
			);
			dependencies = (
			);
			name = "MJ-iOS-Toolkit";
			productName = "MJ-iOS-Toolkit";
			productReference = D238DEFA1BC7E2D400FB0DF4 /* MJ-iOS-Toolkit.app */;
			productType = "com.apple.product-type.application";
		};
		D238DF121BC7E2D500FB0DF4 /* MJ-iOS-ToolkitTests */ = {
			isa = PBXNativeTarget;
			buildConfigurationList = D238DF2A1BC7E2D500FB0DF4 /* Build configuration list for PBXNativeTarget "MJ-iOS-ToolkitTests" */;
			buildPhases = (
				D238DF0F1BC7E2D500FB0DF4 /* Sources */,
				D238DF101BC7E2D500FB0DF4 /* Frameworks */,
				D238DF111BC7E2D500FB0DF4 /* Resources */,
			);
			buildRules = (
			);
			dependencies = (
				D238DF151BC7E2D500FB0DF4 /* PBXTargetDependency */,
			);
			name = "MJ-iOS-ToolkitTests";
			productName = "MJ-iOS-ToolkitTests";
			productReference = D238DF131BC7E2D500FB0DF4 /* MJ-iOS-ToolkitTests.xctest */;
			productType = "com.apple.product-type.bundle.unit-test";
		};
		D238DF1D1BC7E2D500FB0DF4 /* MJ-iOS-ToolkitUITests */ = {
			isa = PBXNativeTarget;
			buildConfigurationList = D238DF2D1BC7E2D500FB0DF4 /* Build configuration list for PBXNativeTarget "MJ-iOS-ToolkitUITests" */;
			buildPhases = (
				D238DF1A1BC7E2D500FB0DF4 /* Sources */,
				D238DF1B1BC7E2D500FB0DF4 /* Frameworks */,
				D238DF1C1BC7E2D500FB0DF4 /* Resources */,
			);
			buildRules = (
			);
			dependencies = (
				D238DF201BC7E2D500FB0DF4 /* PBXTargetDependency */,
			);
			name = "MJ-iOS-ToolkitUITests";
			productName = "MJ-iOS-ToolkitUITests";
			productReference = D238DF1E1BC7E2D500FB0DF4 /* MJ-iOS-ToolkitUITests.xctest */;
			productType = "com.apple.product-type.bundle.ui-testing";
		};
/* End PBXNativeTarget section */

/* Begin PBXProject section */
		D238DEF21BC7E2D400FB0DF4 /* Project object */ = {
			isa = PBXProject;
			attributes = {
				LastUpgradeCheck = 0700;
				ORGANIZATIONNAME = "Mobile Jazz";
				TargetAttributes = {
					D238DEF91BC7E2D400FB0DF4 = {
						CreatedOnToolsVersion = 7.0;
					};
					D238DF121BC7E2D500FB0DF4 = {
						CreatedOnToolsVersion = 7.0;
						TestTargetID = D238DEF91BC7E2D400FB0DF4;
					};
					D238DF1D1BC7E2D500FB0DF4 = {
						CreatedOnToolsVersion = 7.0;
						TestTargetID = D238DEF91BC7E2D400FB0DF4;
					};
				};
			};
			buildConfigurationList = D238DEF51BC7E2D400FB0DF4 /* Build configuration list for PBXProject "MJ-iOS-Toolkit" */;
			compatibilityVersion = "Xcode 3.2";
			developmentRegion = English;
			hasScannedForEncodings = 0;
			knownRegions = (
				en,
				Base,
			);
			mainGroup = D238DEF11BC7E2D400FB0DF4;
			productRefGroup = D238DEFB1BC7E2D400FB0DF4 /* Products */;
			projectDirPath = "";
			projectRoot = "";
			targets = (
				D238DEF91BC7E2D400FB0DF4 /* MJ-iOS-Toolkit */,
				D238DF121BC7E2D500FB0DF4 /* MJ-iOS-ToolkitTests */,
				D238DF1D1BC7E2D500FB0DF4 /* MJ-iOS-ToolkitUITests */,
			);
		};
/* End PBXProject section */

/* Begin PBXResourcesBuildPhase section */
		D238DEF81BC7E2D400FB0DF4 /* Resources */ = {
			isa = PBXResourcesBuildPhase;
			buildActionMask = 2147483647;
			files = (
				D238DF0D1BC7E2D500FB0DF4 /* LaunchScreen.storyboard in Resources */,
				D238DF0A1BC7E2D500FB0DF4 /* Assets.xcassets in Resources */,
				D238DF081BC7E2D500FB0DF4 /* Main.storyboard in Resources */,
			);
			runOnlyForDeploymentPostprocessing = 0;
		};
		D238DF111BC7E2D500FB0DF4 /* Resources */ = {
			isa = PBXResourcesBuildPhase;
			buildActionMask = 2147483647;
			files = (
			);
			runOnlyForDeploymentPostprocessing = 0;
		};
		D238DF1C1BC7E2D500FB0DF4 /* Resources */ = {
			isa = PBXResourcesBuildPhase;
			buildActionMask = 2147483647;
			files = (
			);
			runOnlyForDeploymentPostprocessing = 0;
		};
/* End PBXResourcesBuildPhase section */

/* Begin PBXShellScriptBuildPhase section */
		2FFDDC56A3D4D9C4E68D26DD /* Embed Pods Frameworks */ = {
			isa = PBXShellScriptBuildPhase;
			buildActionMask = 2147483647;
			files = (
			);
			inputPaths = (
			);
			name = "Embed Pods Frameworks";
			outputPaths = (
			);
			runOnlyForDeploymentPostprocessing = 0;
			shellPath = /bin/sh;
			shellScript = "\"${SRCROOT}/Pods/Target Support Files/Pods-MJ-iOS-Toolkit/Pods-MJ-iOS-Toolkit-frameworks.sh\"\n";
			showEnvVarsInLog = 0;
		};
		9755A99DAF6E268CAA5FC77F /* Copy Pods Resources */ = {
			isa = PBXShellScriptBuildPhase;
			buildActionMask = 2147483647;
			files = (
			);
			inputPaths = (
			);
			name = "Copy Pods Resources";
			outputPaths = (
			);
			runOnlyForDeploymentPostprocessing = 0;
			shellPath = /bin/sh;
			shellScript = "\"${SRCROOT}/Pods/Target Support Files/Pods-MJ-iOS-Toolkit/Pods-MJ-iOS-Toolkit-resources.sh\"\n";
			showEnvVarsInLog = 0;
		};
		986DCD1166B7A6DA67290877 /* Check Pods Manifest.lock */ = {
			isa = PBXShellScriptBuildPhase;
			buildActionMask = 2147483647;
			files = (
			);
			inputPaths = (
			);
			name = "Check Pods Manifest.lock";
			outputPaths = (
			);
			runOnlyForDeploymentPostprocessing = 0;
			shellPath = /bin/sh;
			shellScript = "diff \"${PODS_ROOT}/../Podfile.lock\" \"${PODS_ROOT}/Manifest.lock\" > /dev/null\nif [[ $? != 0 ]] ; then\n    cat << EOM\nerror: The sandbox is not in sync with the Podfile.lock. Run 'pod install' or update your CocoaPods installation.\nEOM\n    exit 1\nfi\n";
			showEnvVarsInLog = 0;
		};
/* End PBXShellScriptBuildPhase section */

/* Begin PBXSourcesBuildPhase section */
		D238DEF61BC7E2D400FB0DF4 /* Sources */ = {
			isa = PBXSourcesBuildPhase;
			buildActionMask = 2147483647;
			files = (
				D22ACDA91CE0F6E100452729 /* NSData+AESKey.m in Sources */,
				D22ACDA81CE0F6E100452729 /* NSData+AES.m in Sources */,
				D2C99C0E1BDE74D300CCC485 /* MJContainerViewController.m in Sources */,
				D25FE4531C60E9D6007D4ED8 /* MJPushNotificationQueue.m in Sources */,
				D29BC7751C06158F00CF11BC /* NSString+Additions.m in Sources */,
				D22ACDB11CE0FAC200452729 /* NSDataAESCipher.m in Sources */,
				D29BC77D1C06164D00CF11BC /* UIActionSheet+Blocks.m in Sources */,
				D29BC77E1C06164D00CF11BC /* UIAlertView+Blocks.m in Sources */,
				D29BC7871C06179600CF11BC /* UIImageView+MJCloudinaryInterface.m in Sources */,
				D29BC7811C06177500CF11BC /* MJTextViewCell.m in Sources */,
				D22ACDAA1CE0F6E100452729 /* NSData+AESValue.m in Sources */,
				D237C8991C15EC4E00FC1B64 /* MJAppLinkRecognizer.m in Sources */,
				D29BC7761C06158F00CF11BC /* UIBarButtonItem+Additions.m in Sources */,
				D25FE4561C60E9F5007D4ED8 /* MJTableViewController.m in Sources */,
				D22ACDAE1CE0F8BE00452729 /* NSData+SHA.m in Sources */,
				D29BC7551C060DCB00CF11BC /* MJTaskDispatcher.m in Sources */,
				D29BC7661C0614EB00CF11BC /* MJMultiToggleControl.m in Sources */,
				D29BC7781C06158F00CF11BC /* UIView+Additions.m in Sources */,
				D238DF051BC7E2D500FB0DF4 /* ViewController.m in Sources */,
				D25FE4591C60EA70007D4ED8 /* MJObjectStack.m in Sources */,
				D29BC7861C06179600CF11BC /* MJCloudinaryInterface.m in Sources */,
				D29BC7591C060E4100CF11BC /* MJSecureKey.m in Sources */,
				D25FE4501C60E99A007D4ED8 /* MJDataProviderDirector.m in Sources */,
				D238DF021BC7E2D500FB0DF4 /* AppDelegate.m in Sources */,
				D22ACDAB1CE0F6E100452729 /* NSMutableData+AES.m in Sources */,
				D29BC75F1C06103900CF11BC /* MJInteractor.m in Sources */,
				D25FE45C1C60EBDC007D4ED8 /* MJNotificationView.m in Sources */,
				D29BC7771C06158F00CF11BC /* UIResponder+Addtions.m in Sources */,
				D238DEFF1BC7E2D500FB0DF4 /* main.m in Sources */,
			);
			runOnlyForDeploymentPostprocessing = 0;
		};
		D238DF0F1BC7E2D500FB0DF4 /* Sources */ = {
			isa = PBXSourcesBuildPhase;
			buildActionMask = 2147483647;
			files = (
				D238DF181BC7E2D500FB0DF4 /* MJ_iOS_ToolkitTests.m in Sources */,
			);
			runOnlyForDeploymentPostprocessing = 0;
		};
		D238DF1A1BC7E2D500FB0DF4 /* Sources */ = {
			isa = PBXSourcesBuildPhase;
			buildActionMask = 2147483647;
			files = (
				D238DF231BC7E2D500FB0DF4 /* MJ_iOS_ToolkitUITests.m in Sources */,
			);
			runOnlyForDeploymentPostprocessing = 0;
		};
/* End PBXSourcesBuildPhase section */

/* Begin PBXTargetDependency section */
		D238DF151BC7E2D500FB0DF4 /* PBXTargetDependency */ = {
			isa = PBXTargetDependency;
			target = D238DEF91BC7E2D400FB0DF4 /* MJ-iOS-Toolkit */;
			targetProxy = D238DF141BC7E2D500FB0DF4 /* PBXContainerItemProxy */;
		};
		D238DF201BC7E2D500FB0DF4 /* PBXTargetDependency */ = {
			isa = PBXTargetDependency;
			target = D238DEF91BC7E2D400FB0DF4 /* MJ-iOS-Toolkit */;
			targetProxy = D238DF1F1BC7E2D500FB0DF4 /* PBXContainerItemProxy */;
		};
/* End PBXTargetDependency section */

/* Begin PBXVariantGroup section */
		D238DF061BC7E2D500FB0DF4 /* Main.storyboard */ = {
			isa = PBXVariantGroup;
			children = (
				D238DF071BC7E2D500FB0DF4 /* Base */,
			);
			name = Main.storyboard;
			sourceTree = "<group>";
		};
		D238DF0B1BC7E2D500FB0DF4 /* LaunchScreen.storyboard */ = {
			isa = PBXVariantGroup;
			children = (
				D238DF0C1BC7E2D500FB0DF4 /* Base */,
			);
			name = LaunchScreen.storyboard;
			sourceTree = "<group>";
		};
/* End PBXVariantGroup section */

/* Begin XCBuildConfiguration section */
		D238DF251BC7E2D500FB0DF4 /* Debug */ = {
			isa = XCBuildConfiguration;
			buildSettings = {
				ALWAYS_SEARCH_USER_PATHS = NO;
				CLANG_CXX_LANGUAGE_STANDARD = "gnu++0x";
				CLANG_CXX_LIBRARY = "libc++";
				CLANG_ENABLE_MODULES = YES;
				CLANG_ENABLE_OBJC_ARC = YES;
				CLANG_WARN_BOOL_CONVERSION = YES;
				CLANG_WARN_CONSTANT_CONVERSION = YES;
				CLANG_WARN_DIRECT_OBJC_ISA_USAGE = YES_ERROR;
				CLANG_WARN_EMPTY_BODY = YES;
				CLANG_WARN_ENUM_CONVERSION = YES;
				CLANG_WARN_INT_CONVERSION = YES;
				CLANG_WARN_OBJC_ROOT_CLASS = YES_ERROR;
				CLANG_WARN_UNREACHABLE_CODE = YES;
				CLANG_WARN__DUPLICATE_METHOD_MATCH = YES;
				"CODE_SIGN_IDENTITY[sdk=iphoneos*]" = "iPhone Developer";
				COPY_PHASE_STRIP = NO;
				DEBUG_INFORMATION_FORMAT = dwarf;
				ENABLE_STRICT_OBJC_MSGSEND = YES;
				ENABLE_TESTABILITY = YES;
				GCC_C_LANGUAGE_STANDARD = gnu99;
				GCC_DYNAMIC_NO_PIC = NO;
				GCC_NO_COMMON_BLOCKS = YES;
				GCC_OPTIMIZATION_LEVEL = 0;
				GCC_PREPROCESSOR_DEFINITIONS = (
					"DEBUG=1",
					"$(inherited)",
				);
				GCC_WARN_64_TO_32_BIT_CONVERSION = YES;
				GCC_WARN_ABOUT_RETURN_TYPE = YES_ERROR;
				GCC_WARN_UNDECLARED_SELECTOR = YES;
				GCC_WARN_UNINITIALIZED_AUTOS = YES_AGGRESSIVE;
				GCC_WARN_UNUSED_FUNCTION = YES;
				GCC_WARN_UNUSED_VARIABLE = YES;
				IPHONEOS_DEPLOYMENT_TARGET = 9.0;
				MTL_ENABLE_DEBUG_INFO = YES;
				ONLY_ACTIVE_ARCH = YES;
				SDKROOT = iphoneos;
			};
			name = Debug;
		};
		D238DF261BC7E2D500FB0DF4 /* Release */ = {
			isa = XCBuildConfiguration;
			buildSettings = {
				ALWAYS_SEARCH_USER_PATHS = NO;
				CLANG_CXX_LANGUAGE_STANDARD = "gnu++0x";
				CLANG_CXX_LIBRARY = "libc++";
				CLANG_ENABLE_MODULES = YES;
				CLANG_ENABLE_OBJC_ARC = YES;
				CLANG_WARN_BOOL_CONVERSION = YES;
				CLANG_WARN_CONSTANT_CONVERSION = YES;
				CLANG_WARN_DIRECT_OBJC_ISA_USAGE = YES_ERROR;
				CLANG_WARN_EMPTY_BODY = YES;
				CLANG_WARN_ENUM_CONVERSION = YES;
				CLANG_WARN_INT_CONVERSION = YES;
				CLANG_WARN_OBJC_ROOT_CLASS = YES_ERROR;
				CLANG_WARN_UNREACHABLE_CODE = YES;
				CLANG_WARN__DUPLICATE_METHOD_MATCH = YES;
				"CODE_SIGN_IDENTITY[sdk=iphoneos*]" = "iPhone Developer";
				COPY_PHASE_STRIP = NO;
				DEBUG_INFORMATION_FORMAT = "dwarf-with-dsym";
				ENABLE_NS_ASSERTIONS = NO;
				ENABLE_STRICT_OBJC_MSGSEND = YES;
				GCC_C_LANGUAGE_STANDARD = gnu99;
				GCC_NO_COMMON_BLOCKS = YES;
				GCC_WARN_64_TO_32_BIT_CONVERSION = YES;
				GCC_WARN_ABOUT_RETURN_TYPE = YES_ERROR;
				GCC_WARN_UNDECLARED_SELECTOR = YES;
				GCC_WARN_UNINITIALIZED_AUTOS = YES_AGGRESSIVE;
				GCC_WARN_UNUSED_FUNCTION = YES;
				GCC_WARN_UNUSED_VARIABLE = YES;
				IPHONEOS_DEPLOYMENT_TARGET = 9.0;
				MTL_ENABLE_DEBUG_INFO = NO;
				SDKROOT = iphoneos;
				VALIDATE_PRODUCT = YES;
			};
			name = Release;
		};
		D238DF281BC7E2D500FB0DF4 /* Debug */ = {
			isa = XCBuildConfiguration;
			baseConfigurationReference = 66733CDADF19DDFE0E0814BA /* Pods-MJ-iOS-Toolkit.debug.xcconfig */;
			buildSettings = {
				ASSETCATALOG_COMPILER_APPICON_NAME = AppIcon;
				INFOPLIST_FILE = "MJ-iOS-Toolkit/Info.plist";
				LD_RUNPATH_SEARCH_PATHS = "$(inherited) @executable_path/Frameworks";
				PRODUCT_BUNDLE_IDENTIFIER = "com.mobilejazz.MJ-iOS-Toolkit";
				PRODUCT_NAME = "$(TARGET_NAME)";
			};
			name = Debug;
		};
		D238DF291BC7E2D500FB0DF4 /* Release */ = {
			isa = XCBuildConfiguration;
			baseConfigurationReference = 669D30EECED1E09DE17BD2FD /* Pods-MJ-iOS-Toolkit.release.xcconfig */;
			buildSettings = {
				ASSETCATALOG_COMPILER_APPICON_NAME = AppIcon;
				INFOPLIST_FILE = "MJ-iOS-Toolkit/Info.plist";
				LD_RUNPATH_SEARCH_PATHS = "$(inherited) @executable_path/Frameworks";
				PRODUCT_BUNDLE_IDENTIFIER = "com.mobilejazz.MJ-iOS-Toolkit";
				PRODUCT_NAME = "$(TARGET_NAME)";
			};
			name = Release;
		};
		D238DF2B1BC7E2D500FB0DF4 /* Debug */ = {
			isa = XCBuildConfiguration;
			buildSettings = {
				BUNDLE_LOADER = "$(TEST_HOST)";
				INFOPLIST_FILE = "MJ-iOS-ToolkitTests/Info.plist";
				LD_RUNPATH_SEARCH_PATHS = "$(inherited) @executable_path/Frameworks @loader_path/Frameworks";
				PRODUCT_BUNDLE_IDENTIFIER = "com.mobilejazz.MJ-iOS-ToolkitTests";
				PRODUCT_NAME = "$(TARGET_NAME)";
				TEST_HOST = "$(BUILT_PRODUCTS_DIR)/MJ-iOS-Toolkit.app/MJ-iOS-Toolkit";
			};
			name = Debug;
		};
		D238DF2C1BC7E2D500FB0DF4 /* Release */ = {
			isa = XCBuildConfiguration;
			buildSettings = {
				BUNDLE_LOADER = "$(TEST_HOST)";
				INFOPLIST_FILE = "MJ-iOS-ToolkitTests/Info.plist";
				LD_RUNPATH_SEARCH_PATHS = "$(inherited) @executable_path/Frameworks @loader_path/Frameworks";
				PRODUCT_BUNDLE_IDENTIFIER = "com.mobilejazz.MJ-iOS-ToolkitTests";
				PRODUCT_NAME = "$(TARGET_NAME)";
				TEST_HOST = "$(BUILT_PRODUCTS_DIR)/MJ-iOS-Toolkit.app/MJ-iOS-Toolkit";
			};
			name = Release;
		};
		D238DF2E1BC7E2D500FB0DF4 /* Debug */ = {
			isa = XCBuildConfiguration;
			buildSettings = {
				INFOPLIST_FILE = "MJ-iOS-ToolkitUITests/Info.plist";
				LD_RUNPATH_SEARCH_PATHS = "$(inherited) @executable_path/Frameworks @loader_path/Frameworks";
				PRODUCT_BUNDLE_IDENTIFIER = "com.mobilejazz.MJ-iOS-ToolkitUITests";
				PRODUCT_NAME = "$(TARGET_NAME)";
				TEST_TARGET_NAME = "MJ-iOS-Toolkit";
				USES_XCTRUNNER = YES;
			};
			name = Debug;
		};
		D238DF2F1BC7E2D500FB0DF4 /* Release */ = {
			isa = XCBuildConfiguration;
			buildSettings = {
				INFOPLIST_FILE = "MJ-iOS-ToolkitUITests/Info.plist";
				LD_RUNPATH_SEARCH_PATHS = "$(inherited) @executable_path/Frameworks @loader_path/Frameworks";
				PRODUCT_BUNDLE_IDENTIFIER = "com.mobilejazz.MJ-iOS-ToolkitUITests";
				PRODUCT_NAME = "$(TARGET_NAME)";
				TEST_TARGET_NAME = "MJ-iOS-Toolkit";
				USES_XCTRUNNER = YES;
			};
			name = Release;
		};
/* End XCBuildConfiguration section */

/* Begin XCConfigurationList section */
		D238DEF51BC7E2D400FB0DF4 /* Build configuration list for PBXProject "MJ-iOS-Toolkit" */ = {
			isa = XCConfigurationList;
			buildConfigurations = (
				D238DF251BC7E2D500FB0DF4 /* Debug */,
				D238DF261BC7E2D500FB0DF4 /* Release */,
			);
			defaultConfigurationIsVisible = 0;
			defaultConfigurationName = Release;
		};
		D238DF271BC7E2D500FB0DF4 /* Build configuration list for PBXNativeTarget "MJ-iOS-Toolkit" */ = {
			isa = XCConfigurationList;
			buildConfigurations = (
				D238DF281BC7E2D500FB0DF4 /* Debug */,
				D238DF291BC7E2D500FB0DF4 /* Release */,
			);
			defaultConfigurationIsVisible = 0;
			defaultConfigurationName = Release;
		};
		D238DF2A1BC7E2D500FB0DF4 /* Build configuration list for PBXNativeTarget "MJ-iOS-ToolkitTests" */ = {
			isa = XCConfigurationList;
			buildConfigurations = (
				D238DF2B1BC7E2D500FB0DF4 /* Debug */,
				D238DF2C1BC7E2D500FB0DF4 /* Release */,
			);
			defaultConfigurationIsVisible = 0;
			defaultConfigurationName = Release;
		};
		D238DF2D1BC7E2D500FB0DF4 /* Build configuration list for PBXNativeTarget "MJ-iOS-ToolkitUITests" */ = {
			isa = XCConfigurationList;
			buildConfigurations = (
				D238DF2E1BC7E2D500FB0DF4 /* Debug */,
				D238DF2F1BC7E2D500FB0DF4 /* Release */,
			);
			defaultConfigurationIsVisible = 0;
			defaultConfigurationName = Release;
		};
/* End XCConfigurationList section */
	};
	rootObject = D238DEF21BC7E2D400FB0DF4 /* Project object */;
}
